// !$*UTF8*$!
{
	archiveVersion = 1;
	classes = {
	};
	objectVersion = 50;
	objects = {

/* Begin PBXBuildFile section */
		9A4D49F32524402200CC978F /* AppDelegate.swift in Sources */ = {isa = PBXBuildFile; fileRef = 9A4D49F22524402200CC978F /* AppDelegate.swift */; };
		9A4D49F52524402200CC978F /* SceneDelegate.swift in Sources */ = {isa = PBXBuildFile; fileRef = 9A4D49F42524402200CC978F /* SceneDelegate.swift */; };
		9A4D49F72524402200CC978F /* ViewController.swift in Sources */ = {isa = PBXBuildFile; fileRef = 9A4D49F62524402200CC978F /* ViewController.swift */; };
		9A4D49FA2524402200CC978F /* Main.storyboard in Resources */ = {isa = PBXBuildFile; fileRef = 9A4D49F82524402200CC978F /* Main.storyboard */; };
		9A4D49FC2524402700CC978F /* Assets.xcassets in Resources */ = {isa = PBXBuildFile; fileRef = 9A4D49FB2524402700CC978F /* Assets.xcassets */; };
		9A4D49FF2524402700CC978F /* LaunchScreen.storyboard in Resources */ = {isa = PBXBuildFile; fileRef = 9A4D49FD2524402700CC978F /* LaunchScreen.storyboard */; };
		9A4D4A0A2524402800CC978F /* FlickrTests.swift in Sources */ = {isa = PBXBuildFile; fileRef = 9A4D4A092524402800CC978F /* FlickrTests.swift */; };
		9A4D4A152524402800CC978F /* FlickrUITests.swift in Sources */ = {isa = PBXBuildFile; fileRef = 9A4D4A142524402800CC978F /* FlickrUITests.swift */; };
/* End PBXBuildFile section */

/* Begin PBXContainerItemProxy section */
		9A4D4A062524402800CC978F /* PBXContainerItemProxy */ = {
			isa = PBXContainerItemProxy;
			containerPortal = 9A4D49E72524402200CC978F /* Project object */;
			proxyType = 1;
			remoteGlobalIDString = 9A4D49EE2524402200CC978F;
			remoteInfo = Flickr;
		};
		9A4D4A112524402800CC978F /* PBXContainerItemProxy */ = {
			isa = PBXContainerItemProxy;
			containerPortal = 9A4D49E72524402200CC978F /* Project object */;
			proxyType = 1;
			remoteGlobalIDString = 9A4D49EE2524402200CC978F;
			remoteInfo = Flickr;
		};
/* End PBXContainerItemProxy section */

/* Begin PBXFileReference section */
		9A4D49EF2524402200CC978F /* Flickr.app */ = {isa = PBXFileReference; explicitFileType = wrapper.application; includeInIndex = 0; path = Flickr.app; sourceTree = BUILT_PRODUCTS_DIR; };
		9A4D49F22524402200CC978F /* AppDelegate.swift */ = {isa = PBXFileReference; lastKnownFileType = sourcecode.swift; path = AppDelegate.swift; sourceTree = "<group>"; };
		9A4D49F42524402200CC978F /* SceneDelegate.swift */ = {isa = PBXFileReference; lastKnownFileType = sourcecode.swift; path = SceneDelegate.swift; sourceTree = "<group>"; };
		9A4D49F62524402200CC978F /* ViewController.swift */ = {isa = PBXFileReference; lastKnownFileType = sourcecode.swift; path = ViewController.swift; sourceTree = "<group>"; };
		9A4D49F92524402200CC978F /* Base */ = {isa = PBXFileReference; lastKnownFileType = file.storyboard; name = Base; path = Base.lproj/Main.storyboard; sourceTree = "<group>"; };
		9A4D49FB2524402700CC978F /* Assets.xcassets */ = {isa = PBXFileReference; lastKnownFileType = folder.assetcatalog; path = Assets.xcassets; sourceTree = "<group>"; };
		9A4D49FE2524402700CC978F /* Base */ = {isa = PBXFileReference; lastKnownFileType = file.storyboard; name = Base; path = Base.lproj/LaunchScreen.storyboard; sourceTree = "<group>"; };
		9A4D4A002524402700CC978F /* Info.plist */ = {isa = PBXFileReference; lastKnownFileType = text.plist.xml; path = Info.plist; sourceTree = "<group>"; };
		9A4D4A052524402800CC978F /* FlickrTests.xctest */ = {isa = PBXFileReference; explicitFileType = wrapper.cfbundle; includeInIndex = 0; path = FlickrTests.xctest; sourceTree = BUILT_PRODUCTS_DIR; };
		9A4D4A092524402800CC978F /* FlickrTests.swift */ = {isa = PBXFileReference; lastKnownFileType = sourcecode.swift; path = FlickrTests.swift; sourceTree = "<group>"; };
		9A4D4A0B2524402800CC978F /* Info.plist */ = {isa = PBXFileReference; lastKnownFileType = text.plist.xml; path = Info.plist; sourceTree = "<group>"; };
		9A4D4A102524402800CC978F /* FlickrUITests.xctest */ = {isa = PBXFileReference; explicitFileType = wrapper.cfbundle; includeInIndex = 0; path = FlickrUITests.xctest; sourceTree = BUILT_PRODUCTS_DIR; };
		9A4D4A142524402800CC978F /* FlickrUITests.swift */ = {isa = PBXFileReference; lastKnownFileType = sourcecode.swift; path = FlickrUITests.swift; sourceTree = "<group>"; };
		9A4D4A162524402800CC978F /* Info.plist */ = {isa = PBXFileReference; lastKnownFileType = text.plist.xml; path = Info.plist; sourceTree = "<group>"; };
/* End PBXFileReference section */

/* Begin PBXFrameworksBuildPhase section */
		9A4D49EC2524402200CC978F /* Frameworks */ = {
			isa = PBXFrameworksBuildPhase;
			buildActionMask = 2147483647;
			files = (
			);
			runOnlyForDeploymentPostprocessing = 0;
		};
		9A4D4A022524402800CC978F /* Frameworks */ = {
			isa = PBXFrameworksBuildPhase;
			buildActionMask = 2147483647;
			files = (
			);
			runOnlyForDeploymentPostprocessing = 0;
		};
		9A4D4A0D2524402800CC978F /* Frameworks */ = {
			isa = PBXFrameworksBuildPhase;
			buildActionMask = 2147483647;
			files = (
			);
			runOnlyForDeploymentPostprocessing = 0;
		};
/* End PBXFrameworksBuildPhase section */

/* Begin PBXGroup section */
		9A4D49E62524402200CC978F = {
			isa = PBXGroup;
			children = (
				9A4D49F12524402200CC978F /* Flickr */,
				9A4D4A082524402800CC978F /* FlickrTests */,
				9A4D4A132524402800CC978F /* FlickrUITests */,
				9A4D49F02524402200CC978F /* Products */,
			);
			sourceTree = "<group>";
		};
		9A4D49F02524402200CC978F /* Products */ = {
			isa = PBXGroup;
			children = (
				9A4D49EF2524402200CC978F /* Flickr.app */,
				9A4D4A052524402800CC978F /* FlickrTests.xctest */,
				9A4D4A102524402800CC978F /* FlickrUITests.xctest */,
			);
			name = Products;
			sourceTree = "<group>";
		};
		9A4D49F12524402200CC978F /* Flickr */ = {
			isa = PBXGroup;
			children = (
				9A4D49F22524402200CC978F /* AppDelegate.swift */,
				9A4D49F42524402200CC978F /* SceneDelegate.swift */,
				9A4D49F62524402200CC978F /* ViewController.swift */,
				9A4D49F82524402200CC978F /* Main.storyboard */,
				9A4D49FB2524402700CC978F /* Assets.xcassets */,
				9A4D49FD2524402700CC978F /* LaunchScreen.storyboard */,
				9A4D4A002524402700CC978F /* Info.plist */,
			);
			path = Flickr;
			sourceTree = "<group>";
		};
		9A4D4A082524402800CC978F /* FlickrTests */ = {
			isa = PBXGroup;
			children = (
				9A4D4A092524402800CC978F /* FlickrTests.swift */,
				9A4D4A0B2524402800CC978F /* Info.plist */,
			);
			path = FlickrTests;
			sourceTree = "<group>";
		};
		9A4D4A132524402800CC978F /* FlickrUITests */ = {
			isa = PBXGroup;
			children = (
				9A4D4A142524402800CC978F /* FlickrUITests.swift */,
				9A4D4A162524402800CC978F /* Info.plist */,
			);
			path = FlickrUITests;
			sourceTree = "<group>";
		};
/* End PBXGroup section */

/* Begin PBXNativeTarget section */
		9A4D49EE2524402200CC978F /* Flickr */ = {
			isa = PBXNativeTarget;
			buildConfigurationList = 9A4D4A192524402800CC978F /* Build configuration list for PBXNativeTarget "Flickr" */;
			buildPhases = (
				9A4D49EB2524402200CC978F /* Sources */,
				9A4D49EC2524402200CC978F /* Frameworks */,
				9A4D49ED2524402200CC978F /* Resources */,
			);
			buildRules = (
			);
			dependencies = (
			);
			name = Flickr;
			productName = Flickr;
			productReference = 9A4D49EF2524402200CC978F /* Flickr.app */;
			productType = "com.apple.product-type.application";
		};
		9A4D4A042524402800CC978F /* FlickrTests */ = {
			isa = PBXNativeTarget;
			buildConfigurationList = 9A4D4A1C2524402800CC978F /* Build configuration list for PBXNativeTarget "FlickrTests" */;
			buildPhases = (
				9A4D4A012524402800CC978F /* Sources */,
				9A4D4A022524402800CC978F /* Frameworks */,
				9A4D4A032524402800CC978F /* Resources */,
			);
			buildRules = (
			);
			dependencies = (
				9A4D4A072524402800CC978F /* PBXTargetDependency */,
			);
			name = FlickrTests;
			productName = FlickrTests;
			productReference = 9A4D4A052524402800CC978F /* FlickrTests.xctest */;
			productType = "com.apple.product-type.bundle.unit-test";
		};
		9A4D4A0F2524402800CC978F /* FlickrUITests */ = {
			isa = PBXNativeTarget;
			buildConfigurationList = 9A4D4A1F2524402800CC978F /* Build configuration list for PBXNativeTarget "FlickrUITests" */;
			buildPhases = (
				9A4D4A0C2524402800CC978F /* Sources */,
				9A4D4A0D2524402800CC978F /* Frameworks */,
				9A4D4A0E2524402800CC978F /* Resources */,
			);
			buildRules = (
			);
			dependencies = (
				9A4D4A122524402800CC978F /* PBXTargetDependency */,
			);
			name = FlickrUITests;
			productName = FlickrUITests;
			productReference = 9A4D4A102524402800CC978F /* FlickrUITests.xctest */;
			productType = "com.apple.product-type.bundle.ui-testing";
		};
/* End PBXNativeTarget section */

/* Begin PBXProject section */
		9A4D49E72524402200CC978F /* Project object */ = {
			isa = PBXProject;
			attributes = {
				LastSwiftUpdateCheck = 1200;
				LastUpgradeCheck = 1200;
				TargetAttributes = {
					9A4D49EE2524402200CC978F = {
						CreatedOnToolsVersion = 12.0.1;
					};
					9A4D4A042524402800CC978F = {
						CreatedOnToolsVersion = 12.0.1;
						TestTargetID = 9A4D49EE2524402200CC978F;
					};
					9A4D4A0F2524402800CC978F = {
						CreatedOnToolsVersion = 12.0.1;
						TestTargetID = 9A4D49EE2524402200CC978F;
					};
				};
			};
			buildConfigurationList = 9A4D49EA2524402200CC978F /* Build configuration list for PBXProject "Flickr" */;
			compatibilityVersion = "Xcode 9.3";
			developmentRegion = en;
			hasScannedForEncodings = 0;
			knownRegions = (
				en,
				Base,
			);
			mainGroup = 9A4D49E62524402200CC978F;
			productRefGroup = 9A4D49F02524402200CC978F /* Products */;
			projectDirPath = "";
			projectRoot = "";
			targets = (
				9A4D49EE2524402200CC978F /* Flickr */,
				9A4D4A042524402800CC978F /* FlickrTests */,
				9A4D4A0F2524402800CC978F /* FlickrUITests */,
			);
		};
/* End PBXProject section */

/* Begin PBXResourcesBuildPhase section */
		9A4D49ED2524402200CC978F /* Resources */ = {
			isa = PBXResourcesBuildPhase;
			buildActionMask = 2147483647;
			files = (
				9A4D49FF2524402700CC978F /* LaunchScreen.storyboard in Resources */,
				9A4D49FC2524402700CC978F /* Assets.xcassets in Resources */,
				9A4D49FA2524402200CC978F /* Main.storyboard in Resources */,
			);
			runOnlyForDeploymentPostprocessing = 0;
		};
		9A4D4A032524402800CC978F /* Resources */ = {
			isa = PBXResourcesBuildPhase;
			buildActionMask = 2147483647;
			files = (
			);
			runOnlyForDeploymentPostprocessing = 0;
		};
		9A4D4A0E2524402800CC978F /* Resources */ = {
			isa = PBXResourcesBuildPhase;
			buildActionMask = 2147483647;
			files = (
			);
			runOnlyForDeploymentPostprocessing = 0;
		};
/* End PBXResourcesBuildPhase section */

/* Begin PBXSourcesBuildPhase section */
		9A4D49EB2524402200CC978F /* Sources */ = {
			isa = PBXSourcesBuildPhase;
			buildActionMask = 2147483647;
			files = (
				9A4D49F72524402200CC978F /* ViewController.swift in Sources */,
				9A4D49F32524402200CC978F /* AppDelegate.swift in Sources */,
				9A4D49F52524402200CC978F /* SceneDelegate.swift in Sources */,
			);
			runOnlyForDeploymentPostprocessing = 0;
		};
		9A4D4A012524402800CC978F /* Sources */ = {
			isa = PBXSourcesBuildPhase;
			buildActionMask = 2147483647;
			files = (
				9A4D4A0A2524402800CC978F /* FlickrTests.swift in Sources */,
			);
			runOnlyForDeploymentPostprocessing = 0;
		};
		9A4D4A0C2524402800CC978F /* Sources */ = {
			isa = PBXSourcesBuildPhase;
			buildActionMask = 2147483647;
			files = (
				9A4D4A152524402800CC978F /* FlickrUITests.swift in Sources */,
			);
			runOnlyForDeploymentPostprocessing = 0;
		};
/* End PBXSourcesBuildPhase section */

/* Begin PBXTargetDependency section */
		9A4D4A072524402800CC978F /* PBXTargetDependency */ = {
			isa = PBXTargetDependency;
			target = 9A4D49EE2524402200CC978F /* Flickr */;
			targetProxy = 9A4D4A062524402800CC978F /* PBXContainerItemProxy */;
		};
		9A4D4A122524402800CC978F /* PBXTargetDependency */ = {
			isa = PBXTargetDependency;
			target = 9A4D49EE2524402200CC978F /* Flickr */;
			targetProxy = 9A4D4A112524402800CC978F /* PBXContainerItemProxy */;
		};
/* End PBXTargetDependency section */

/* Begin PBXVariantGroup section */
		9A4D49F82524402200CC978F /* Main.storyboard */ = {
			isa = PBXVariantGroup;
			children = (
				9A4D49F92524402200CC978F /* Base */,
			);
			name = Main.storyboard;
			sourceTree = "<group>";
		};
		9A4D49FD2524402700CC978F /* LaunchScreen.storyboard */ = {
			isa = PBXVariantGroup;
			children = (
				9A4D49FE2524402700CC978F /* Base */,
			);
			name = LaunchScreen.storyboard;
			sourceTree = "<group>";
		};
/* End PBXVariantGroup section */

/* Begin XCBuildConfiguration section */
		9A4D4A172524402800CC978F /* Debug */ = {
			isa = XCBuildConfiguration;
			buildSettings = {
				ALWAYS_SEARCH_USER_PATHS = NO;
				CLANG_ANALYZER_NONNULL = YES;
				CLANG_ANALYZER_NUMBER_OBJECT_CONVERSION = YES_AGGRESSIVE;
				CLANG_CXX_LANGUAGE_STANDARD = "gnu++14";
				CLANG_CXX_LIBRARY = "libc++";
				CLANG_ENABLE_MODULES = YES;
				CLANG_ENABLE_OBJC_ARC = YES;
				CLANG_ENABLE_OBJC_WEAK = YES;
				CLANG_WARN_BLOCK_CAPTURE_AUTORELEASING = YES;
				CLANG_WARN_BOOL_CONVERSION = YES;
				CLANG_WARN_COMMA = YES;
				CLANG_WARN_CONSTANT_CONVERSION = YES;
				CLANG_WARN_DEPRECATED_OBJC_IMPLEMENTATIONS = YES;
				CLANG_WARN_DIRECT_OBJC_ISA_USAGE = YES_ERROR;
				CLANG_WARN_DOCUMENTATION_COMMENTS = YES;
				CLANG_WARN_EMPTY_BODY = YES;
				CLANG_WARN_ENUM_CONVERSION = YES;
				CLANG_WARN_INFINITE_RECURSION = YES;
				CLANG_WARN_INT_CONVERSION = YES;
				CLANG_WARN_NON_LITERAL_NULL_CONVERSION = YES;
				CLANG_WARN_OBJC_IMPLICIT_RETAIN_SELF = YES;
				CLANG_WARN_OBJC_LITERAL_CONVERSION = YES;
				CLANG_WARN_OBJC_ROOT_CLASS = YES_ERROR;
				CLANG_WARN_QUOTED_INCLUDE_IN_FRAMEWORK_HEADER = YES;
				CLANG_WARN_RANGE_LOOP_ANALYSIS = YES;
				CLANG_WARN_STRICT_PROTOTYPES = YES;
				CLANG_WARN_SUSPICIOUS_MOVE = YES;
				CLANG_WARN_UNGUARDED_AVAILABILITY = YES_AGGRESSIVE;
				CLANG_WARN_UNREACHABLE_CODE = YES;
				CLANG_WARN__DUPLICATE_METHOD_MATCH = YES;
				COPY_PHASE_STRIP = NO;
				DEBUG_INFORMATION_FORMAT = dwarf;
				ENABLE_STRICT_OBJC_MSGSEND = YES;
				ENABLE_TESTABILITY = YES;
				GCC_C_LANGUAGE_STANDARD = gnu11;
				GCC_DYNAMIC_NO_PIC = NO;
				GCC_NO_COMMON_BLOCKS = YES;
				GCC_OPTIMIZATION_LEVEL = 0;
				GCC_PREPROCESSOR_DEFINITIONS = (
					"DEBUG=1",
					"$(inherited)",
				);
				GCC_WARN_64_TO_32_BIT_CONVERSION = YES;
				GCC_WARN_ABOUT_RETURN_TYPE = YES_ERROR;
				GCC_WARN_UNDECLARED_SELECTOR = YES;
				GCC_WARN_UNINITIALIZED_AUTOS = YES_AGGRESSIVE;
				GCC_WARN_UNUSED_FUNCTION = YES;
				GCC_WARN_UNUSED_VARIABLE = YES;
				IPHONEOS_DEPLOYMENT_TARGET = 14.0;
				MTL_ENABLE_DEBUG_INFO = INCLUDE_SOURCE;
				MTL_FAST_MATH = YES;
				ONLY_ACTIVE_ARCH = YES;
				SDKROOT = iphoneos;
				SWIFT_ACTIVE_COMPILATION_CONDITIONS = DEBUG;
				SWIFT_OPTIMIZATION_LEVEL = "-Onone";
			};
			name = Debug;
		};
		9A4D4A182524402800CC978F /* Release */ = {
			isa = XCBuildConfiguration;
			buildSettings = {
				ALWAYS_SEARCH_USER_PATHS = NO;
				CLANG_ANALYZER_NONNULL = YES;
				CLANG_ANALYZER_NUMBER_OBJECT_CONVERSION = YES_AGGRESSIVE;
				CLANG_CXX_LANGUAGE_STANDARD = "gnu++14";
				CLANG_CXX_LIBRARY = "libc++";
				CLANG_ENABLE_MODULES = YES;
				CLANG_ENABLE_OBJC_ARC = YES;
				CLANG_ENABLE_OBJC_WEAK = YES;
				CLANG_WARN_BLOCK_CAPTURE_AUTORELEASING = YES;
				CLANG_WARN_BOOL_CONVERSION = YES;
				CLANG_WARN_COMMA = YES;
				CLANG_WARN_CONSTANT_CONVERSION = YES;
				CLANG_WARN_DEPRECATED_OBJC_IMPLEMENTATIONS = YES;
				CLANG_WARN_DIRECT_OBJC_ISA_USAGE = YES_ERROR;
				CLANG_WARN_DOCUMENTATION_COMMENTS = YES;
				CLANG_WARN_EMPTY_BODY = YES;
				CLANG_WARN_ENUM_CONVERSION = YES;
				CLANG_WARN_INFINITE_RECURSION = YES;
				CLANG_WARN_INT_CONVERSION = YES;
				CLANG_WARN_NON_LITERAL_NULL_CONVERSION = YES;
				CLANG_WARN_OBJC_IMPLICIT_RETAIN_SELF = YES;
				CLANG_WARN_OBJC_LITERAL_CONVERSION = YES;
				CLANG_WARN_OBJC_ROOT_CLASS = YES_ERROR;
				CLANG_WARN_QUOTED_INCLUDE_IN_FRAMEWORK_HEADER = YES;
				CLANG_WARN_RANGE_LOOP_ANALYSIS = YES;
				CLANG_WARN_STRICT_PROTOTYPES = YES;
				CLANG_WARN_SUSPICIOUS_MOVE = YES;
				CLANG_WARN_UNGUARDED_AVAILABILITY = YES_AGGRESSIVE;
				CLANG_WARN_UNREACHABLE_CODE = YES;
				CLANG_WARN__DUPLICATE_METHOD_MATCH = YES;
				COPY_PHASE_STRIP = NO;
				DEBUG_INFORMATION_FORMAT = "dwarf-with-dsym";
				ENABLE_NS_ASSERTIONS = NO;
				ENABLE_STRICT_OBJC_MSGSEND = YES;
				GCC_C_LANGUAGE_STANDARD = gnu11;
				GCC_NO_COMMON_BLOCKS = YES;
				GCC_WARN_64_TO_32_BIT_CONVERSION = YES;
				GCC_WARN_ABOUT_RETURN_TYPE = YES_ERROR;
				GCC_WARN_UNDECLARED_SELECTOR = YES;
				GCC_WARN_UNINITIALIZED_AUTOS = YES_AGGRESSIVE;
				GCC_WARN_UNUSED_FUNCTION = YES;
				GCC_WARN_UNUSED_VARIABLE = YES;
				IPHONEOS_DEPLOYMENT_TARGET = 14.0;
				MTL_ENABLE_DEBUG_INFO = NO;
				MTL_FAST_MATH = YES;
				SDKROOT = iphoneos;
				SWIFT_COMPILATION_MODE = wholemodule;
				SWIFT_OPTIMIZATION_LEVEL = "-O";
				VALIDATE_PRODUCT = YES;
			};
			name = Release;
		};
		9A4D4A1A2524402800CC978F /* Debug */ = {
			isa = XCBuildConfiguration;
			buildSettings = {
				ASSETCATALOG_COMPILER_APPICON_NAME = AppIcon;
				ASSETCATALOG_COMPILER_GLOBAL_ACCENT_COLOR_NAME = AccentColor;
				CODE_SIGN_STYLE = Automatic;
				DEVELOPMENT_TEAM = H29WM3C788;
				INFOPLIST_FILE = Flickr/Info.plist;
				LD_RUNPATH_SEARCH_PATHS = (
					"$(inherited)",
					"@executable_path/Frameworks",
				);
				PRODUCT_BUNDLE_IDENTIFIER = lawliet.Flickr;
				PRODUCT_NAME = "$(TARGET_NAME)";
				SWIFT_VERSION = 5.0;
				TARGETED_DEVICE_FAMILY = "1,2";
			};
			name = Debug;
		};
		9A4D4A1B2524402800CC978F /* Release */ = {
			isa = XCBuildConfiguration;
			buildSettings = {
				ASSETCATALOG_COMPILER_APPICON_NAME = AppIcon;
				ASSETCATALOG_COMPILER_GLOBAL_ACCENT_COLOR_NAME = AccentColor;
				CODE_SIGN_STYLE = Automatic;
				DEVELOPMENT_TEAM = H29WM3C788;
				INFOPLIST_FILE = Flickr/Info.plist;
				LD_RUNPATH_SEARCH_PATHS = (
					"$(inherited)",
					"@executable_path/Frameworks",
				);
				PRODUCT_BUNDLE_IDENTIFIER = lawliet.Flickr;
				PRODUCT_NAME = "$(TARGET_NAME)";
				SWIFT_VERSION = 5.0;
				TARGETED_DEVICE_FAMILY = "1,2";
			};
			name = Release;
		};
		9A4D4A1D2524402800CC978F /* Debug */ = {
			isa = XCBuildConfiguration;
			buildSettings = {
				ALWAYS_EMBED_SWIFT_STANDARD_LIBRARIES = YES;
				BUNDLE_LOADER = "$(TEST_HOST)";
				CODE_SIGN_STYLE = Automatic;
				DEVELOPMENT_TEAM = H29WM3C788;
				INFOPLIST_FILE = FlickrTests/Info.plist;
				IPHONEOS_DEPLOYMENT_TARGET = 14.0;
				LD_RUNPATH_SEARCH_PATHS = (
					"$(inherited)",
					"@executable_path/Frameworks",
					"@loader_path/Frameworks",
				);
				PRODUCT_BUNDLE_IDENTIFIER = lawliet.FlickrTests;
				PRODUCT_NAME = "$(TARGET_NAME)";
				SWIFT_VERSION = 5.0;
				TARGETED_DEVICE_FAMILY = "1,2";
				TEST_HOST = "$(BUILT_PRODUCTS_DIR)/Flickr.app/Flickr";
			};
			name = Debug;
		};
		9A4D4A1E2524402800CC978F /* Release */ = {
			isa = XCBuildConfiguration;
			buildSettings = {
				ALWAYS_EMBED_SWIFT_STANDARD_LIBRARIES = YES;
				BUNDLE_LOADER = "$(TEST_HOST)";
				CODE_SIGN_STYLE = Automatic;
				DEVELOPMENT_TEAM = H29WM3C788;
				INFOPLIST_FILE = FlickrTests/Info.plist;
				IPHONEOS_DEPLOYMENT_TARGET = 14.0;
				LD_RUNPATH_SEARCH_PATHS = (
					"$(inherited)",
					"@executable_path/Frameworks",
					"@loader_path/Frameworks",
				);
				PRODUCT_BUNDLE_IDENTIFIER = lawliet.FlickrTests;
				PRODUCT_NAME = "$(TARGET_NAME)";
				SWIFT_VERSION = 5.0;
				TARGETED_DEVICE_FAMILY = "1,2";
				TEST_HOST = "$(BUILT_PRODUCTS_DIR)/Flickr.app/Flickr";
			};
			name = Release;
		};
		9A4D4A202524402800CC978F /* Debug */ = {
			isa = XCBuildConfiguration;
			buildSettings = {
				ALWAYS_EMBED_SWIFT_STANDARD_LIBRARIES = YES;
				CODE_SIGN_STYLE = Automatic;
				DEVELOPMENT_TEAM = H29WM3C788;
				INFOPLIST_FILE = FlickrUITests/Info.plist;
				LD_RUNPATH_SEARCH_PATHS = (
					"$(inherited)",
					"@executable_path/Frameworks",
					"@loader_path/Frameworks",
				);
				PRODUCT_BUNDLE_IDENTIFIER = lawliet.FlickrUITests;
				PRODUCT_NAME = "$(TARGET_NAME)";
				SWIFT_VERSION = 5.0;
				TARGETED_DEVICE_FAMILY = "1,2";
				TEST_TARGET_NAME = Flickr;
			};
			name = Debug;
		};
		9A4D4A212524402800CC978F /* Release */ = {
			isa = XCBuildConfiguration;
			buildSettings = {
				ALWAYS_EMBED_SWIFT_STANDARD_LIBRARIES = YES;
				CODE_SIGN_STYLE = Automatic;
				DEVELOPMENT_TEAM = H29WM3C788;
				INFOPLIST_FILE = FlickrUITests/Info.plist;
				LD_RUNPATH_SEARCH_PATHS = (
					"$(inherited)",
					"@executable_path/Frameworks",
					"@loader_path/Frameworks",
				);
				PRODUCT_BUNDLE_IDENTIFIER = lawliet.FlickrUITests;
				PRODUCT_NAME = "$(TARGET_NAME)";
				SWIFT_VERSION = 5.0;
				TARGETED_DEVICE_FAMILY = "1,2";
				TEST_TARGET_NAME = Flickr;
			};
			name = Release;
		};
/* End XCBuildConfiguration section */

/* Begin XCConfigurationList section */
		9A4D49EA2524402200CC978F /* Build configuration list for PBXProject "Flickr" */ = {
			isa = XCConfigurationList;
			buildConfigurations = (
				9A4D4A172524402800CC978F /* Debug */,
				9A4D4A182524402800CC978F /* Release */,
			);
			defaultConfigurationIsVisible = 0;
			defaultConfigurationName = Release;
		};
		9A4D4A192524402800CC978F /* Build configuration list for PBXNativeTarget "Flickr" */ = {
			isa = XCConfigurationList;
			buildConfigurations = (
				9A4D4A1A2524402800CC978F /* Debug */,
				9A4D4A1B2524402800CC978F /* Release */,
			);
			defaultConfigurationIsVisible = 0;
			defaultConfigurationName = Release;
		};
		9A4D4A1C2524402800CC978F /* Build configuration list for PBXNativeTarget "FlickrTests" */ = {
			isa = XCConfigurationList;
			buildConfigurations = (
				9A4D4A1D2524402800CC978F /* Debug */,
				9A4D4A1E2524402800CC978F /* Release */,
			);
			defaultConfigurationIsVisible = 0;
			defaultConfigurationName = Release;
		};
		9A4D4A1F2524402800CC978F /* Build configuration list for PBXNativeTarget "FlickrUITests" */ = {
			isa = XCConfigurationList;
			buildConfigurations = (
				9A4D4A202524402800CC978F /* Debug */,
				9A4D4A212524402800CC978F /* Release */,
			);
			defaultConfigurationIsVisible = 0;
			defaultConfigurationName = Release;
		};
/* End XCConfigurationList section */
	};
	rootObject = 9A4D49E72524402200CC978F /* Project object */;
}
