{
  "object": {
    "pins": [
      {
        "package": "Alamofire",
        "repositoryURL": "https://github.com/Alamofire/Alamofire",
        "state": {
          "branch": null,
          "revision": "747c8db8d57b68d5e35275f10c92d55f982adbd4",
          "version": "4.9.1"
        }
      },
      {
        "package": "Kingfisher",
        "repositoryURL": "https://github.com/onevcat/Kingfisher",
        "state": {
          "branch": null,
          "revision": "2a6d1135af3915547c4b08c3b154a05e6f1075a3",
          "version": "5.15.5"
        }
      },
      {
        "package": "ESPullToRefresh",
        "repositoryURL": "https://github.com/eggswift/pull-to-refresh",
        "state": {
          "branch": null,
          "revision": "a858aaeb44abc6428af916e8496429d244fac053",
          "version": "2.9.3"
        }
      }
    ]
  },
  "version": 1
}
